{
  "object": {
    "pins": [
      {
        "package": "SwiftZip",
        "repositoryURL": "https://github.com/SwiftZip/SwiftZip.git",
        "state": {
          "branch": null,
          "revision": "97c2303d0fcc0bb6ae78a93ee10bdb91a1467c8f",
          "version": "0.0.5"
        }
      }
    ]
  },
  "version": 1
}
